# Generated by conda-lock.
# platform: linux-64
# input_hash: 1b831e13e2c25e0c79d36cbbef818a303c42fa51a2c006ea5cde26424b738f13
@EXPLICIT
https://conda.anaconda.org/conda-forge/linux-64/_libgcc_mutex-0.1-conda_forge.tar.bz2#d7c89558ba9fa0495403155b64376d81
https://conda.anaconda.org/conda-forge/linux-64/ca-certificates-2024.8.30-hbcca054_0.conda#c27d1c142233b5bc9ca570c6e2e0c244
https://conda.anaconda.org/nvidia/linux-64/cuda-cudart-12.1.105-0.tar.bz2#001823a01c0d49300fd9622c4578eb40
https://conda.anaconda.org/nvidia/linux-64/cuda-cupti-12.1.105-0.tar.bz2#c0bfa9a714fd8099e085c70ab2ebe6ec
https://conda.anaconda.org/nvidia/linux-64/cuda-nvrtc-12.1.105-0.tar.bz2#12c15423c4eeb41fee6df3a2e5ab53ab
https://conda.anaconda.org/nvidia/linux-64/cuda-nvtx-12.1.105-0.tar.bz2#813ed3c0b687b8bb5daebf43889d8317
https://conda.anaconda.org/nvidia/noarch/cuda-version-12.6-3.conda#87e333c55042b66e36e2cf4c47d5be06
https://conda.anaconda.org/conda-forge/noarch/font-ttf-dejavu-sans-mono-2.37-hab24e00_0.tar.bz2#0c96522c6bdaed4b1566d11387caaf45
https://conda.anaconda.org/conda-forge/noarch/font-ttf-inconsolata-3.000-h77eed37_0.tar.bz2#34893075a5c9e55cdafac56607368fc6
https://conda.anaconda.org/conda-forge/noarch/font-ttf-source-code-pro-2.038-h77eed37_0.tar.bz2#4d59c254e01d9cde7957100457e2d5fb
https://conda.anaconda.org/conda-forge/noarch/font-ttf-ubuntu-0.83-h77eed37_3.conda#49023d73832ef61042f6a237cb2687e7
https://conda.anaconda.org/conda-forge/linux-64/libboost-headers-1.85.0-ha770c72_4.conda#00e4848983222729ccb7c69f1039f4b9
https://conda.anaconda.org/nvidia/linux-64/libcublas-12.1.0.26-0.tar.bz2#74f872929a02e01ef746a064fa46a80c
https://conda.anaconda.org/nvidia/linux-64/libcufft-11.0.2.4-0.tar.bz2#b53f7ea28a363eb6d218bcbffb9d26aa
https://conda.anaconda.org/nvidia/linux-64/libcusolver-11.4.4.55-0.tar.bz2#2d2fe4a7af91ec8a1eee7f1f0cf7b050
https://conda.anaconda.org/nvidia/linux-64/libcusparse-12.0.2.55-0.tar.bz2#c295ea64ea0654af0cbe833431de6daa
https://conda.anaconda.org/nvidia/linux-64/libnpp-12.0.2.50-0.tar.bz2#072e390c1e0e4909bdd7508dd6af1474
https://conda.anaconda.org/nvidia/linux-64/libnvjitlink-12.1.105-0.tar.bz2#0155acf6f5117613ba17c65d9be4f2f1
https://conda.anaconda.org/nvidia/linux-64/libnvjpeg-12.1.1.14-0.tar.bz2#4dea93d43adfd03388b31f2ae9892558
https://conda.anaconda.org/conda-forge/noarch/poppler-data-0.4.12-hd8ed1ab_0.conda#d8d7293c5b37f39b2ac32940621c6592
https://conda.anaconda.org/conda-forge/linux-64/python_abi-3.10-5_cp310.conda#2921c34715e74b3587b4cff4d36844f9
https://conda.anaconda.org/pytorch/noarch/pytorch-mutex-1.0-cuda.tar.bz2#a948316e36fb5b11223b3fcfa93f8358
https://conda.anaconda.org/conda-forge/noarch/tzdata-2024b-hc8b5060_0.conda#8ac3367aafb1cc0a068483c580af8015
https://conda.anaconda.org/conda-forge/noarch/fonts-conda-forge-1-0.tar.bz2#f766549260d6815b0c52253f1fb1bb29
https://conda.anaconda.org/conda-forge/linux-64/ld_impl_linux-64-2.43-h712a8e2_2.conda#048b02e3962f066da18efe3a21b77672
https://conda.anaconda.org/conda-forge/linux-64/libglvnd-1.7.0-ha4b6fd6_2.conda#434ca7e50e40f4918ab701e3facd59a0
https://conda.anaconda.org/conda-forge/linux-64/libgomp-14.2.0-h77fa898_1.conda#cc3573974587f12dda90d96e3e55a702
https://conda.anaconda.org/conda-forge/noarch/fonts-conda-ecosystem-1-0.tar.bz2#fee5683a3f04bd15cbd8318b096a27ab
https://conda.anaconda.org/conda-forge/linux-64/libegl-1.7.0-ha4b6fd6_2.conda#c151d5eb730e9b7480e6d48c0fc44048
https://conda.anaconda.org/conda-forge/linux-64/_openmp_mutex-4.5-2_kmp_llvm.tar.bz2#562b26ba2e19059551a811e72ab7f793
https://conda.anaconda.org/conda-forge/linux-64/libgcc-14.2.0-h77fa898_1.conda#3cb76c3f10d3bc7f1105b2fc9db984df
https://conda.anaconda.org/conda-forge/linux-64/aws-c-common-0.10.3-hb9d3cd8_0.conda#ff3653946d34a6a6ba10babb139d96ef
https://conda.anaconda.org/conda-forge/linux-64/c-ares-1.34.3-heb4867d_0.conda#09a6c610d002e54e18353c06ef61a253
https://conda.anaconda.org/conda-forge/linux-64/json-c-0.18-h6688a6e_0.conda#38f5dbc9ac808e31c00650f7be1db93f
https://conda.anaconda.org/conda-forge/linux-64/libbrotlicommon-1.1.0-hb9d3cd8_2.conda#41b599ed2b02abcfdd84302bff174b23
https://conda.anaconda.org/conda-forge/linux-64/libdeflate-1.22-hb9d3cd8_0.conda#b422943d5d772b7cc858b36ad2a92db5
https://conda.anaconda.org/conda-forge/linux-64/libexpat-2.6.4-h5888daf_0.conda#db833e03127376d461e1e13e76f09b6c
https://conda.anaconda.org/conda-forge/linux-64/libgcc-ng-14.2.0-h69a702a_1.conda#e39480b9ca41323497b05492a63bc35b
https://conda.anaconda.org/conda-forge/linux-64/libgfortran5-14.2.0-hd5240d6_1.conda#9822b874ea29af082e5d36098d25427d
https://conda.anaconda.org/conda-forge/linux-64/libstdcxx-14.2.0-hc0a3c3a_1.conda#234a5554c53625688d51062645337328
https://conda.anaconda.org/conda-forge/linux-64/libzlib-1.3.1-hb9d3cd8_2.conda#edb0dca6bc32e4f4789199455a1dbeb8
https://conda.anaconda.org/conda-forge/linux-64/openssl-3.4.0-hb9d3cd8_0.conda#23cc74f77eb99315c0360ec3533147a9
https://conda.anaconda.org/conda-forge/linux-64/pthread-stubs-0.4-hb9d3cd8_1002.conda#b3c17d95b5a10c6e64a21fa17573e70e
https://conda.anaconda.org/conda-forge/linux-64/tzcode-2024b-hb9d3cd8_0.conda#db124840386e1f842f93372897d1b857
https://conda.anaconda.org/conda-forge/linux-64/xorg-libice-1.1.1-hb9d3cd8_1.conda#19608a9656912805b2b9a2f6bd257b04
https://conda.anaconda.org/conda-forge/linux-64/xorg-libxau-1.0.11-hb9d3cd8_1.conda#77cbc488235ebbaab2b6e912d3934bae
https://conda.anaconda.org/conda-forge/linux-64/xorg-libxdmcp-1.1.5-hb9d3cd8_0.conda#8035c64cb77ed555e3f150b7b3972480
https://conda.anaconda.org/conda-forge/linux-64/xorg-xorgproto-2024.1-hb9d3cd8_1.conda#7c21106b851ec72c037b162c216d8f05
https://conda.anaconda.org/conda-forge/linux-64/aws-c-cal-0.8.0-hecf86a2_2.conda#c54459d686ad9d0502823cacff7e8423
https://conda.anaconda.org/conda-forge/linux-64/aws-c-compression-0.3.0-hf42f96a_2.conda#257f4ae92fe11bd8436315c86468c39b
https://conda.anaconda.org/conda-forge/linux-64/aws-c-sdkutils-0.2.1-hf42f96a_1.conda#bbdd20fb1994a9f0ba98078fcb6c12ab
https://conda.anaconda.org/conda-forge/linux-64/aws-checksums-0.2.2-hf42f96a_1.conda#d908d43d87429be24edfb20e96543c20
https://conda.anaconda.org/conda-forge/linux-64/bzip2-1.0.8-h4bc722e_7.conda#62ee74e96c5ebb0af99386de58cf9553
https://conda.anaconda.org/conda-forge/linux-64/capnproto-1.0.2-h766bdaa_3.conda#7ea5f8afe8041beee8bad281dee62414
https://conda.anaconda.org/conda-forge/linux-64/dav1d-1.2.1-hd590300_0.conda#418c6ca5929a611cbd69204907a83995
https://conda.anaconda.org/conda-forge/linux-64/expat-2.6.4-h5888daf_0.conda#1d6afef758879ef5ee78127eb4cd2c4a
https://conda.anaconda.org/conda-forge/linux-64/fribidi-1.0.10-h36c2ea0_0.tar.bz2#ac7bc6a654f8f41b352b38f4051135f8
https://conda.anaconda.org/conda-forge/linux-64/geos-3.13.0-h5888daf_0.conda#40b4ab956c90390e407bb177f8a58bab
https://conda.anaconda.org/conda-forge/linux-64/gettext-tools-0.22.5-he02047a_3.conda#fcd2016d1d299f654f81021e27496818
https://conda.anaconda.org/conda-forge/linux-64/gflags-2.2.2-h5888daf_1005.conda#d411fc29e338efb48c5fd4576d71d881
https://conda.anaconda.org/conda-forge/linux-64/giflib-5.2.2-hd590300_0.conda#3bf7b9fd5a7136126e0234db4b87c8b6
https://conda.anaconda.org/conda-forge/linux-64/keyutils-1.6.1-h166bdaf_0.tar.bz2#30186d27e2c9fa62b45fb1476b7200e3
https://conda.anaconda.org/conda-forge/linux-64/lame-3.100-h166bdaf_1003.tar.bz2#a8832b479f93521a9e7b5b743803be51
https://conda.anaconda.org/conda-forge/linux-64/libabseil-20240722.0-cxx17_h5888daf_1.conda#e1f604644fe8d78e22660e2fec6756bc
https://conda.anaconda.org/conda-forge/linux-64/libbrotlidec-1.1.0-hb9d3cd8_2.conda#9566f0bd264fbd463002e759b8a82401
https://conda.anaconda.org/conda-forge/linux-64/libbrotlienc-1.1.0-hb9d3cd8_2.conda#06f70867945ea6a84d35836af780f1de
https://conda.anaconda.org/conda-forge/linux-64/libev-4.33-hd590300_2.conda#172bf1cd1ff8629f2b1179945ed45055
https://conda.anaconda.org/conda-forge/linux-64/libevent-2.1.12-hf998b51_1.conda#a1cfcc585f0c42bf8d5546bb1dfb668d
https://conda.anaconda.org/conda-forge/linux-64/libffi-3.4.2-h7f98852_5.tar.bz2#d645c6d2ac96843a2bfaccd2d62b3ac3
https://conda.anaconda.org/conda-forge/linux-64/libgettextpo-0.22.5-he02047a_3.conda#efab66b82ec976930b96d62a976de8e7
https://conda.anaconda.org/conda-forge/linux-64/libgfortran-14.2.0-h69a702a_1.conda#f1fd30127802683586f768875127a987
https://conda.anaconda.org/conda-forge/linux-64/libiconv-1.17-hd590300_2.conda#d66573916ffcf376178462f1b61c941e
https://conda.anaconda.org/conda-forge/linux-64/libjpeg-turbo-3.0.0-hd590300_1.conda#ea25936bb4080d843790b586850f82b8
https://conda.anaconda.org/conda-forge/linux-64/libnsl-2.0.1-hd590300_0.conda#30fd6e37fe21f86f4bd26d6ee73eeec7
https://conda.anaconda.org/conda-forge/linux-64/libntlm-1.4-h7f98852_1002.tar.bz2#e728e874159b042d92b90238a3cb0dc2
https://conda.anaconda.org/conda-forge/linux-64/libopus-1.3.1-h7f98852_1.tar.bz2#15345e56d527b330e1cacbdf58676e8f
https://conda.anaconda.org/conda-forge/linux-64/libpciaccess-0.18-hd590300_0.conda#48f4330bfcd959c3cfb704d424903c82
https://conda.anaconda.org/conda-forge/linux-64/libpng-1.6.44-hadc24fc_0.conda#f4cc49d7aa68316213e4b12be35308d1
https://conda.anaconda.org/conda-forge/linux-64/libsqlite-3.47.0-hadc24fc_1.conda#b6f02b52a174e612e89548f4663ce56a
https://conda.anaconda.org/conda-forge/linux-64/libssh2-1.11.0-h0841786_0.conda#1f5a58e686b13bcfde88b93f547d23fe
https://conda.anaconda.org/conda-forge/linux-64/libstdcxx-ng-14.2.0-h4852527_1.conda#8371ac6457591af2cf6159439c1fd051
https://conda.anaconda.org/conda-forge/linux-64/libtasn1-4.19.0-h166bdaf_0.tar.bz2#93840744a8552e9ebf6bb1a5dffc125a
https://conda.anaconda.org/conda-forge/linux-64/libunistring-0.9.10-h7f98852_0.tar.bz2#7245a044b4a1980ed83196176b78b73a
https://conda.anaconda.org/conda-forge/linux-64/libutf8proc-2.8.0-h166bdaf_0.tar.bz2#ede4266dc02e875fe1ea77b25dd43747
https://conda.anaconda.org/conda-forge/linux-64/libuuid-2.38.1-h0b41bf4_0.conda#40b61aab5c7ba9ff276c41cfffe6b80b
https://conda.anaconda.org/conda-forge/linux-64/libwebp-base-1.4.0-hd590300_0.conda#b26e8aa824079e1be0294e7152ca4559
https://conda.anaconda.org/conda-forge/linux-64/libxcb-1.17.0-h8a09558_0.conda#92ed62436b625154323d40d5f2f11dd7
https://conda.anaconda.org/conda-forge/linux-64/libxcrypt-4.4.36-hd590300_1.conda#5aa797f8787fe7a17d1b0821485b5adc
https://conda.anaconda.org/conda-forge/linux-64/llvm-openmp-15.0.7-h0cdce71_0.conda#589c9a3575a050b583241c3d688ad9aa
https://conda.anaconda.org/conda-forge/linux-64/lzo-2.10-hd590300_1001.conda#ec7398d21e2651e0dcb0044d03b9a339
https://conda.anaconda.org/conda-forge/linux-64/ncurses-6.5-he02047a_1.conda#70caf8bb6cf39a0b6b7efc885f51c0fe
https://conda.anaconda.org/conda-forge/linux-64/nettle-3.9.1-h7ab15ed_0.conda#2bf1915cc107738811368afcb0993a59
https://conda.anaconda.org/conda-forge/linux-64/nspr-4.36-h5888daf_0.conda#de9cd5bca9e4918527b9b72b6e2e1409
https://conda.anaconda.org/conda-forge/linux-64/s2n-1.5.9-h0fd0ee4_0.conda#f472432f3753c5ca763d2497e2ea30bf
https://conda.anaconda.org/conda-forge/linux-64/tk-8.6.13-noxft_h4845f30_101.conda#d453b98d9c83e71da0741bb0ff4d76bc
https://conda.anaconda.org/conda-forge/linux-64/x264-1!164.3095-h166bdaf_2.tar.bz2#6c99772d483f566d59e25037fea2c4b1
https://conda.anaconda.org/conda-forge/linux-64/xz-5.2.6-h166bdaf_0.tar.bz2#2161070d867d1b1204ea749c8eec4ef0
https://conda.anaconda.org/conda-forge/linux-64/yaml-0.2.5-h7f98852_2.tar.bz2#4cb3ad778ec2d5a7acbdf254eb1c42ae
https://conda.anaconda.org/conda-forge/linux-64/zlib-1.3.1-hb9d3cd8_2.conda#c9f075ab2f33b3bbee9e62d4ad0a6cd8
https://conda.anaconda.org/conda-forge/linux-64/aom-3.6.1-h59595ed_0.conda#8457db6d1175ee86c8e077f6ac60ff55
https://conda.anaconda.org/conda-forge/linux-64/aws-c-io-0.15.2-hdeadb07_2.conda#461a1eaa075fd391add91bcffc9de0c1
https://conda.anaconda.org/nvidia/linux-64/cuda-opencl-12.6.77-0.conda#4e6374b9c0dd1dc9e0ba5b20a138a8ac
https://conda.anaconda.org/conda-forge/linux-64/fmt-11.0.2-h434a139_0.conda#995f7e13598497691c1dc476d889bc04
https://conda.anaconda.org/conda-forge/linux-64/freetype-2.12.1-h267a509_2.conda#9ae35c3d96db2c94ce0cef86efdfa2cb
https://conda.anaconda.org/conda-forge/linux-64/glog-0.7.1-hbabe93e_0.conda#ff862eebdfeb2fd048ae9dc92510baca
https://conda.anaconda.org/conda-forge/linux-64/gmp-6.3.0-hac33072_2.conda#c94a5994ef49749880a8139cf9afcbe1
https://conda.anaconda.org/conda-forge/linux-64/graphite2-1.3.13-h59595ed_1003.conda#f87c7b7c2cb45f323ffbce941c78ab7c
https://conda.anaconda.org/conda-forge/linux-64/hdf4-4.2.15-h2a13503_7.conda#bd77f8da987968ec3927990495dc22e4
https://conda.anaconda.org/conda-forge/linux-64/icu-75.1-he02047a_0.conda#8b189310083baabfb622af68fd9d3ae3
https://conda.anaconda.org/conda-forge/linux-64/lerc-4.0.0-h27087fc_0.tar.bz2#76bbff344f0134279f225174e9064c8f
https://conda.anaconda.org/conda-forge/linux-64/libaec-1.1.3-h59595ed_0.conda#5e97e271911b8b2001a8b71860c32faa
https://conda.anaconda.org/conda-forge/linux-64/libasprintf-0.22.5-he8f35ee_3.conda#4fab9799da9571266d05ca5503330655
https://conda.anaconda.org/conda-forge/linux-64/libcrc32c-1.1.2-h9c3ff4c_0.tar.bz2#c965a5aa0d5c1c37ffc62dff36e28400
https://conda.anaconda.org/nvidia/linux-64/libcufile-1.11.1.6-0.conda#e5a28bb5b043af295ec53c55d19f837d
https://conda.anaconda.org/nvidia/linux-64/libcurand-10.3.7.77-0.conda#d07ac2728f32dac12d3f7243ebe20d1c
https://conda.anaconda.org/conda-forge/linux-64/libdrm-2.4.123-hb9d3cd8_0.conda#ee605e794bdc14e2b7f84c4faa0d8c2c
https://conda.anaconda.org/conda-forge/linux-64/libedit-3.1.20191231-he28a2e2_2.tar.bz2#4d331e44109e3f0e19b4cb8f9b82f3e1
https://conda.anaconda.org/conda-forge/linux-64/libgettextpo-devel-0.22.5-he02047a_3.conda#9aba7960731e6b4547b3a52f812ed801
https://conda.anaconda.org/conda-forge/linux-64/libgfortran-ng-14.2.0-h69a702a_1.conda#0a7f4cd238267c88e5d69f7826a407eb
https://conda.anaconda.org/conda-forge/linux-64/libnghttp2-1.64.0-h161d5f1_0.conda#19e57602824042dfd0446292ef90488b
https://conda.anaconda.org/conda-forge/linux-64/libopenblas-0.3.28-pthreads_h94d23a6_1.conda#62857b389e42b36b686331bec0922050
https://conda.anaconda.org/conda-forge/linux-64/libprotobuf-5.28.2-h5b01275_0.conda#ab0bff36363bec94720275a681af8b83
https://conda.anaconda.org/conda-forge/linux-64/libre2-11-2024.07.02-hbbce691_1.conda#2124de47357b7a516c0a3efd8f88c143
https://conda.anaconda.org/conda-forge/linux-64/librttopo-1.1.0-h97f6797_17.conda#e16e9b1333385c502bf915195f421934
https://conda.anaconda.org/conda-forge/linux-64/libthrift-0.21.0-h0e7cc3e_0.conda#dcb95c0a98ba9ff737f7ae482aef7833
https://conda.anaconda.org/conda-forge/linux-64/libunwind-1.6.2-h9c3ff4c_0.tar.bz2#a730b2badd586580c5752cc73842e068
https://conda.anaconda.org/conda-forge/linux-64/libvpx-1.13.1-h59595ed_0.conda#0974a6d3432e10bae02bcab0cce1b308
https://conda.anaconda.org/conda-forge/linux-64/libzip-1.11.2-h6991a6a_0.conda#a7b27c075c9b7f459f1c022090697cba
https://conda.anaconda.org/conda-forge/linux-64/lz4-c-1.9.3-h9c3ff4c_1.tar.bz2#fbe97e8fa6f275d7c76a09e795adc3e6
https://conda.anaconda.org/conda-forge/linux-64/nss-3.106-hdf54f9c_0.conda#efe735c7dc47dddbb14b3433d11c6feb
https://conda.anaconda.org/conda-forge/linux-64/openh264-2.3.1-hcb278e6_2.conda#37d01894f256b2a6921c5a218f42f8a2
https://conda.anaconda.org/conda-forge/linux-64/p11-kit-0.24.1-hc5aa10d_0.tar.bz2#56ee94e34b71742bbdfa832c974e47a8
https://conda.anaconda.org/conda-forge/linux-64/pcre-8.45-h9c3ff4c_0.tar.bz2#c05d1820a6d34ff07aaaab7a9b7eddaa
https://conda.anaconda.org/conda-forge/linux-64/pcre2-10.44-hba22ea6_2.conda#df359c09c41cd186fffb93a2d87aa6f5
https://conda.anaconda.org/conda-forge/linux-64/pixman-0.43.2-h59595ed_0.conda#71004cbf7924e19c02746ccde9fd7123
https://conda.anaconda.org/conda-forge/linux-64/readline-8.2-h8228510_1.conda#47d31b792659ce70f470b5c82fdfb7a4
https://conda.anaconda.org/conda-forge/linux-64/snappy-1.2.1-ha2e4443_0.conda#6b7dcc7349efd123d493d2dbe85a045f
https://conda.anaconda.org/conda-forge/linux-64/svt-av1-1.7.0-h59595ed_0.conda#b6e0b4f1edc2740d1cf87669195c39d4
https://conda.anaconda.org/conda-forge/linux-64/uriparser-0.9.8-hac33072_0.conda#d71d3a66528853c0a1ac2c02d79a0284
https://conda.anaconda.org/conda-forge/linux-64/wayland-1.23.1-h3e06ad9_0.conda#0a732427643ae5e0486a727927791da1
https://conda.anaconda.org/conda-forge/linux-64/x265-3.5-h924138e_3.tar.bz2#e7f6ed84d4623d52ee581325c1587a6b
https://conda.anaconda.org/conda-forge/linux-64/xorg-libsm-1.2.4-he73a12e_1.conda#05a8ea5f446de33006171a7afe6ae857
https://conda.anaconda.org/conda-forge/linux-64/xorg-libx11-1.8.10-h4f16b4b_0.conda#0b666058a179b744a622d0a4a0c56353
https://conda.anaconda.org/conda-forge/linux-64/zstd-1.5.6-ha6fb4c9_0.conda#4d056880988120e29d75bfff282e0f45
https://conda.anaconda.org/conda-forge/linux-64/aws-c-event-stream-0.5.0-h1ffe551_7.conda#7cce4dfab184f4bbdfc160789251b3c5
https://conda.anaconda.org/conda-forge/linux-64/aws-c-http-0.9.1-hab05fe4_2.conda#fb409f7053fa3dbbdf6eb41045a87795
https://conda.anaconda.org/conda-forge/linux-64/blosc-1.21.6-hef167b5_0.conda#54fe76ab3d0189acaef95156874db7f9
https://conda.anaconda.org/nvidia/linux-64/cuda-libraries-12.1.0-0.tar.bz2#8c08238819848e471a6213db526dbf15
https://conda.anaconda.org/conda-forge/linux-64/fontconfig-2.15.0-h7e30c49_1.conda#8f5b0b297b59e1ac160ad4beec99dbee
https://conda.anaconda.org/conda-forge/linux-64/krb5-1.21.3-h659f571_0.conda#3f43953b7d3fb3aaa1d0d0723d91e368
https://conda.anaconda.org/conda-forge/linux-64/libasprintf-devel-0.22.5-he8f35ee_3.conda#1091193789bb830127ed067a9e01ac57
https://conda.anaconda.org/conda-forge/linux-64/libboost-1.85.0-h0ccab89_4.conda#4da1690badd566fc1041f91cd5655727
https://conda.anaconda.org/conda-forge/linux-64/libglib-2.82.2-h2ff4ddf_0.conda#13e8e54035ddd2b91875ba399f0f7c04
https://conda.anaconda.org/conda-forge/linux-64/libglx-1.7.0-ha4b6fd6_2.conda#c8013e438185f33b13814c5c488acd5c
https://conda.anaconda.org/conda-forge/linux-64/libkml-1.3.0-hf539b9f_1021.conda#e8c7620cc49de0c6a2349b6dd6e39beb
https://conda.anaconda.org/conda-forge/linux-64/libtiff-4.7.0-he137b08_1.conda#63872517c98aa305da58a757c443698e
https://conda.anaconda.org/conda-forge/linux-64/libxml2-2.13.5-hb346dea_0.conda#c81a9f1118541aaa418ccb22190c817e
https://conda.anaconda.org/conda-forge/linux-64/minizip-4.0.7-h401b404_0.conda#4474532a312b2245c5c77f1176989b46
https://conda.anaconda.org/conda-forge/linux-64/mpfr-4.2.1-h90cbb55_3.conda#2eeb50cab6652538eee8fc0bc3340c81
https://conda.anaconda.org/conda-forge/linux-64/orc-2.0.3-he039a57_0.conda#052499acd6d6b79952197a13b23e2600
https://conda.anaconda.org/conda-forge/linux-64/python-3.10.15-h4a871b0_2_cpython.conda#98059097f62e97be9aed7ec904055825
https://conda.anaconda.org/conda-forge/linux-64/re2-2024.07.02-h77b4e00_1.conda#01093ff37c1b5e6bf9f17c0116747d11
https://conda.anaconda.org/conda-forge/linux-64/spdlog-1.14.1-hed91bc2_1.conda#909188c8979846bac8e586908cf1ca6a
https://conda.anaconda.org/conda-forge/linux-64/sqlite-3.47.0-h9eae976_1.conda#53abf1ef70b9ae213b22caa5350f97a9
https://conda.anaconda.org/conda-forge/noarch/wayland-protocols-1.37-hd8ed1ab_0.conda#73ec79a77d31eb7e4a3276cd246b776c
https://conda.anaconda.org/conda-forge/linux-64/xerces-c-3.2.5-h988505b_2.conda#9dda9667feba914e0e80b95b82f7402b
https://conda.anaconda.org/conda-forge/linux-64/xorg-libxext-1.3.6-hb9d3cd8_0.conda#febbab7d15033c913d53c7a2c102309d
https://conda.anaconda.org/conda-forge/linux-64/xorg-libxfixes-6.0.1-hb9d3cd8_0.conda#4bdb303603e9821baf5fe5fdff1dc8f8
https://conda.anaconda.org/conda-forge/linux-64/xorg-libxrender-0.9.11-hb9d3cd8_1.conda#a7a49a8b85122b49214798321e2e96b4
https://conda.anaconda.org/conda-forge/noarch/affine-2.4.0-pyhd8ed1ab_0.conda#ae5f4ad87126c55ba3f690ef07f81d64
https://conda.anaconda.org/conda-forge/noarch/attrs-24.2.0-pyh71513ae_0.conda#6732fa52eb8e66e5afeb32db8701a791
https://conda.anaconda.org/conda-forge/linux-64/aws-c-auth-0.8.0-hb88c0a9_10.conda#409b7ee6d3473cc62bda7280f6ac20d0
https://conda.anaconda.org/conda-forge/linux-64/aws-c-mqtt-0.11.0-h7bd072d_8.conda#0e9d67838114c0dbd267a9311268b331
https://conda.anaconda.org/conda-forge/linux-64/brotli-python-1.1.0-py310hf71b8c6_2.conda#bf502c169c71e3c6ac0d6175addfacc2
https://conda.anaconda.org/conda-forge/linux-64/cairo-1.18.0-hebfffa5_3.conda#fceaedf1cdbcb02df9699a0d9b005292
https://conda.anaconda.org/conda-forge/noarch/certifi-2024.8.30-pyhd8ed1ab_0.conda#12f7d00853807b0531775e9be891cb11
https://conda.anaconda.org/conda-forge/noarch/charset-normalizer-3.4.0-pyhd8ed1ab_0.conda#a374efa97290b8799046df7c5ca17164
https://conda.anaconda.org/conda-forge/noarch/click-8.1.7-unix_pyh707e725_0.conda#f3ad426304898027fc619827ff428eca
https://conda.anaconda.org/conda-forge/noarch/colorama-0.4.6-pyhd8ed1ab_0.tar.bz2#3faab06a954c2a04039983f2c4a50d99
https://conda.anaconda.org/nvidia/linux-64/cuda-runtime-12.1.0-0.tar.bz2#95e8c2f09ec28cce7cdecd6200b5d26e
https://conda.anaconda.org/conda-forge/linux-64/cyrus-sasl-2.1.27-h54b06d7_7.conda#dce22f70b4e5a407ce88f2be046f4ceb
https://conda.anaconda.org/conda-forge/noarch/filelock-3.16.1-pyhd8ed1ab_0.conda#916f8ec5dd4128cd5f207a3c4c07b2c6
https://conda.anaconda.org/conda-forge/linux-64/freexl-2.0.0-h743c826_0.conda#12e6988845706b2cfbc3bc35c9a61a95
https://conda.anaconda.org/conda-forge/noarch/fsspec-2024.10.0-pyhff2d567_0.conda#816dbc4679a64e4417cd1385d661bb31
https://conda.anaconda.org/conda-forge/linux-64/gettext-0.22.5-he02047a_3.conda#c7f243bbaea97cd6ea1edd693270100e
https://conda.anaconda.org/conda-forge/noarch/hpack-4.0.0-pyh9f0ad1d_0.tar.bz2#914d6646c4dbb1fd3ff539830a12fd71
https://conda.anaconda.org/conda-forge/noarch/hyperframe-6.0.1-pyhd8ed1ab_0.tar.bz2#9f765cbfab6870c8435b9eefecd7a1f4
https://conda.anaconda.org/conda-forge/noarch/idna-3.10-pyhd8ed1ab_0.conda#7ba2ede0e7c795ff95088daf0dc59753
https://conda.anaconda.org/conda-forge/linux-64/lcms2-2.16-hb7c19ff_0.conda#51bb7010fc86f70eee639b4bb7a894f5
https://conda.anaconda.org/conda-forge/linux-64/libarchive-3.7.4-hfca40fe_0.conda#32ddb97f897740641d8d46a829ce1704
https://conda.anaconda.org/conda-forge/linux-64/libboost-devel-1.85.0-h00ab1b0_4.conda#ded76b8670cb505006c891c4d45844a5
https://conda.anaconda.org/conda-forge/linux-64/libcurl-8.10.1-hbbe4b11_0.conda#6e801c50a40301f6978c53976917b277
https://conda.anaconda.org/conda-forge/linux-64/libgl-1.7.0-ha4b6fd6_2.conda#928b8be80851f5d8ffb016f9c81dae7a
https://conda.anaconda.org/conda-forge/linux-64/libgrpc-1.67.1-hc2c308b_0.conda#4606a4647bfe857e3cfe21ca12ac3afb
https://conda.anaconda.org/conda-forge/linux-64/libhwloc-2.8.0-h32351e8_1.tar.bz2#0c52bb2b3b621d684f3beabd4aacaca7
https://conda.anaconda.org/conda-forge/linux-64/libxslt-1.1.39-h76b75d6_0.conda#e71f31f8cfb0a91439f2086fc8aa0461
https://conda.anaconda.org/conda-forge/linux-64/markupsafe-3.0.2-py310h89163eb_0.conda#5415555830a54d9b4a1307e3e9d942c7
https://conda.anaconda.org/conda-forge/noarch/mdurl-0.1.2-pyhd8ed1ab_0.conda#776a8dd9e824f77abac30e6ef43a8f7a
https://conda.anaconda.org/conda-forge/linux-64/mpc-1.3.1-h24ddda3_1.conda#aa14b9a5196a6d8dd364164b7ce56acf
https://conda.anaconda.org/conda-forge/noarch/mpmath-1.3.0-pyhd8ed1ab_0.conda#dbf6e2d89137da32fa6670f3bffc024e
https://conda.anaconda.org/conda-forge/noarch/networkx-3.4.2-pyh267e887_2.conda#fd40bf7f7f4bc4b647dc8512053d9873
https://conda.anaconda.org/conda-forge/linux-64/openjpeg-2.5.2-h488ebb8_0.conda#7f2e286780f072ed750df46dc2631138
https://conda.anaconda.org/conda-forge/noarch/packaging-24.2-pyhff2d567_1.conda#8508b703977f4c4ada34d657d051972c
https://conda.anaconda.org/conda-forge/noarch/platformdirs-4.3.6-pyhd8ed1ab_0.conda#fd8f2b18b65bbf62e8f653100690c8d2
https://conda.anaconda.org/conda-forge/noarch/pycparser-2.22-pyhd8ed1ab_0.conda#844d9eb3b43095b031874477f7d70088
https://conda.anaconda.org/conda-forge/noarch/pygments-2.18.0-pyhd8ed1ab_0.conda#b7f5c092b8f9800150d998a71b76d5a1
https://conda.anaconda.org/conda-forge/noarch/pyparsing-3.2.0-pyhd8ed1ab_1.conda#035c17fbf099f50ff60bf2eb303b0a83
https://conda.anaconda.org/conda-forge/noarch/pysocks-1.7.1-pyha2e5f31_6.tar.bz2#2a7de29fb590ca14b5243c4c812c8025
https://conda.anaconda.org/conda-forge/linux-64/python-lmdb-1.5.1-py310h74df5ed_1.conda#2a5c45010d73c9d05cadce36b2be0383
https://conda.anaconda.org/conda-forge/noarch/python-tzdata-2024.2-pyhd8ed1ab_0.conda#986287f89929b2d629bd6ef6497dc307
https://conda.anaconda.org/conda-forge/noarch/pytz-2024.1-pyhd8ed1ab_0.conda#3eeeeb9e4827ace8c0c1419c85d590ad
https://conda.anaconda.org/conda-forge/linux-64/pyyaml-6.0.2-py310ha75aee5_1.conda#0d4c5c76ae5f5aac6f0be419963a19dd
https://conda.anaconda.org/conda-forge/linux-64/safetensors-0.4.5-py310h505e2c1_0.conda#3c23b32df984d65f4f0cdb2d379f3ada
https://conda.anaconda.org/conda-forge/noarch/setuptools-75.5.0-pyhff2d567_0.conda#ade63405adb52eeff89d506cd55908c0
https://conda.anaconda.org/conda-forge/noarch/six-1.16.0-pyh6c4a22f_0.tar.bz2#e5f25f8dbc060e9a8d912e432202afc2
https://conda.anaconda.org/conda-forge/noarch/typing_extensions-4.12.2-pyha770c72_0.conda#ebe6952715e1d5eb567eeebf25250fa7
https://conda.anaconda.org/conda-forge/noarch/uc-micro-py-1.0.3-pyhd8ed1ab_0.conda#3b7fc78d7be7b450952aaa916fb78877
https://conda.anaconda.org/conda-forge/noarch/wheel-0.45.0-pyhd8ed1ab_0.conda#f9751d7c71df27b2d29f5cab3378982e
https://conda.anaconda.org/conda-forge/linux-64/aws-c-s3-0.7.1-h3a84f74_3.conda#e7a54821aaa774cfd64efcd45114a4d7
https://conda.anaconda.org/conda-forge/linux-64/azure-core-cpp-1.14.0-h5cfcd09_0.conda#0a8838771cc2e985cd295e01ae83baf1
https://conda.anaconda.org/conda-forge/linux-64/boost-cpp-1.85.0-h3c6214e_4.conda#cc4533eabf5caa8b4fbb56418d1617a9
https://conda.anaconda.org/conda-forge/linux-64/cffi-1.17.1-py310h8deb56e_0.conda#1fc24a3196ad5ede2a68148be61894f4
https://conda.anaconda.org/conda-forge/linux-64/cfitsio-4.4.1-ha728647_2.conda#dab65ce7f9da0b25f53f0ec0d37ee09c
https://conda.anaconda.org/conda-forge/noarch/click-plugins-1.1.1-py_0.tar.bz2#4fd2c6b53934bd7d96d1f3fdaf99b79f
https://conda.anaconda.org/conda-forge/noarch/cligj-0.7.2-pyhd8ed1ab_1.tar.bz2#a29b7c141d6b2de4bb67788a5f107734
https://conda.anaconda.org/conda-forge/linux-64/curl-8.10.1-hbbe4b11_0.conda#73c561c6b84bda71776c9fa21517e7eb
https://conda.anaconda.org/conda-forge/linux-64/gmpy2-2.1.5-py310he8512ff_2.conda#f6e67df2096cb1106cf49a96ffa8d5c5
https://conda.anaconda.org/conda-forge/noarch/h2-4.1.0-pyhd8ed1ab_0.tar.bz2#b748fbf7060927a6e82df7cb5ee8f097
https://conda.anaconda.org/conda-forge/linux-64/harfbuzz-9.0.0-hda332d3_1.conda#76b32dcf243444aea9c6b804bcfa40b8
https://conda.anaconda.org/conda-forge/linux-64/hdf5-1.14.3-nompi_hdf9ad27_105.conda#7e1729554e209627636a0f6fabcdd115
https://conda.anaconda.org/conda-forge/noarch/jinja2-3.1.4-pyhd8ed1ab_0.conda#7b86ecb7d3557821c649b3c31e3eb9f2
https://conda.anaconda.org/conda-forge/linux-64/libgoogle-cloud-2.31.0-h804f50b_0.conda#35ab838423b60f233391eb86d324a830
https://conda.anaconda.org/conda-forge/linux-64/libidn2-2.3.7-hd590300_0.conda#2b7b0d827c6447cc1d85dc06d5b5de46
https://conda.anaconda.org/conda-forge/linux-64/libva-2.22.0-h8a09558_1.conda#139262125a3eac8ff6eef898598745a3
https://conda.anaconda.org/conda-forge/noarch/lightning-utilities-0.11.8-pyhd8ed1ab_0.conda#5a1505111d16be1750130fcfe6ad423a
https://conda.anaconda.org/conda-forge/noarch/linkify-it-py-2.0.3-pyhd8ed1ab_0.conda#f1b64ca4faf563605cf6f6ca93f9ff3f
https://conda.anaconda.org/conda-forge/noarch/markdown-it-py-3.0.0-pyhd8ed1ab_0.conda#93a8e71256479c62074356ef6ebf501b
https://conda.anaconda.org/conda-forge/linux-64/openldap-2.6.8-hedd0468_0.conda#dcd0ed5147d8876b0848a552b416ce76
https://conda.anaconda.org/conda-forge/noarch/pip-24.3.1-pyh8b19718_0.conda#5dd546fe99b44fda83963d15f84263b7
https://conda.anaconda.org/conda-forge/linux-64/poppler-24.08.0-h47131b8_1.conda#0854b9ff0cc10a1f6f67b0f352b8e75a
https://conda.anaconda.org/conda-forge/linux-64/proj-9.5.0-h12925eb_0.conda#8c29983ebe50cc7e0998c34bc7614222
https://conda.anaconda.org/conda-forge/noarch/python-dateutil-2.9.0.post0-pyhff2d567_0.conda#b6dfd90a2141e573e4b6a81630b56df5
https://conda.anaconda.org/pytorch/linux-64/pytorch-cuda-12.1-ha16c6d3_6.tar.bz2#0e94331f6f87bff1c229da02b0508693
https://conda.anaconda.org/conda-forge/linux-64/tbb-2021.7.0-h924138e_1.conda#1a272773743a97aa044fd5bcdac2138a
https://conda.anaconda.org/conda-forge/noarch/tqdm-4.67.0-pyhd8ed1ab_0.conda#196a9e6ab4e036ceafa516ea036619b0
https://conda.anaconda.org/conda-forge/noarch/typing-extensions-4.12.2-hd8ed1ab_0.conda#52d648bd608f5737b123f510bb5514b5
https://conda.anaconda.org/conda-forge/linux-64/aws-crt-cpp-0.29.4-h21d7256_1.conda#963a310ba64fd6a113eb4f7fcf89f935
https://conda.anaconda.org/conda-forge/linux-64/azure-identity-cpp-1.10.0-h113e628_0.conda#73f73f60854f325a55f1d31459f2ab73
https://conda.anaconda.org/conda-forge/linux-64/azure-storage-common-cpp-12.8.0-h736e048_1.conda#13de36be8de3ae3f05ba127631599213
https://conda.anaconda.org/conda-forge/linux-64/geotiff-1.7.3-h77b800c_3.conda#4eb52aecb43e7c72f8e4fca0c386354e
https://conda.anaconda.org/conda-forge/linux-64/gnutls-3.7.9-hb077bed_0.conda#33eded89024f21659b1975886a4acf70
https://conda.anaconda.org/conda-forge/linux-64/kealib-1.5.3-hf8d3e68_2.conda#ffe68c611ae0ccfda4e7a605195e22b3
https://conda.anaconda.org/conda-forge/linux-64/libass-0.17.1-h39113c1_2.conda#25db2ea6b8fefce451369e2cc826f6f4
https://conda.anaconda.org/conda-forge/linux-64/libdap4-3.20.6-h4292ed5_5.conda#56db07292aa7d24a10e6c393aee1eaef
https://conda.anaconda.org/conda-forge/linux-64/libgoogle-cloud-storage-2.31.0-h0121fbd_0.conda#568d6a09a6ed76337a7b97c84ae7c0f8
https://conda.anaconda.org/conda-forge/linux-64/libnetcdf-4.9.2-nompi_h135f659_114.conda#a908e463c710bd6b10a9eaa89fdf003c
https://conda.anaconda.org/conda-forge/linux-64/libpq-17.1-h04577a9_0.conda#c2560bae9f56de89b8c50355f7c84910
https://conda.anaconda.org/conda-forge/linux-64/libspatialite-5.1.0-h1b4f908_11.conda#43a7f3df7d100e8fc280e6636680a870
https://conda.anaconda.org/conda-forge/noarch/mdit-py-plugins-0.4.2-pyhd8ed1ab_0.conda#5387f2cfa28f8a3afa3368bb4ba201e8
https://conda.anaconda.org/conda-forge/linux-64/mkl-2022.2.1-h84fe81f_16997.conda#a7ce56d5757f5b57e7daabe703ade5bb
https://conda.anaconda.org/conda-forge/noarch/rich-13.9.4-pyhd8ed1ab_0.conda#bcf8cc8924b5d20ead3d122130b8320b
https://conda.anaconda.org/conda-forge/noarch/sympy-1.13.3-pypyh2585a3b_103.conda#183b2087b43f5aa7e89e08f2069bcf7c
https://conda.anaconda.org/conda-forge/linux-64/zstandard-0.23.0-py310ha39cb0e_1.conda#f49de34fb99934bf49ab330b5caffd64
https://conda.anaconda.org/conda-forge/linux-64/aws-sdk-cpp-1.11.449-h1a02111_1.conda#490f72eee62d9bd7e778f137f65e9650
https://conda.anaconda.org/conda-forge/linux-64/azure-storage-blobs-cpp-12.13.0-h3cf044e_1.conda#7eb66060455c7a47d9dcdbfa9f46579b
https://conda.anaconda.org/conda-forge/linux-64/blas-1.0-mkl.tar.bz2#349aef876b1d8c9dccae01de20d5b385
https://conda.anaconda.org/conda-forge/linux-64/ffmpeg-6.0.1-gpl_h334edf3_100.conda#df43e12b1b3cfaeaa6f87be38390e96a
https://conda.anaconda.org/conda-forge/linux-64/libblas-3.9.0-16_linux64_mkl.tar.bz2#85f61af03fd291dae33150ffe89dc09a
https://conda.anaconda.org/conda-forge/linux-64/libgdal-core-3.9.3-hef9eae6_3.conda#d0991ecc8cee910420286c586d243dbc
https://conda.anaconda.org/conda-forge/linux-64/libmicrohttpd-1.0.1-h97afed2_0.conda#00bd7406d24d6574f2de3839b60e0925
https://conda.anaconda.org/conda-forge/linux-64/postgresql-17.1-h1122569_0.conda#10dcb54ee745ee2a51d5370ba8e5657e
https://conda.anaconda.org/conda-forge/noarch/textual-0.86.1-pyhd8ed1ab_0.conda#6b620099b643fda1c41882bd1daf76dd
https://conda.anaconda.org/conda-forge/noarch/urllib3-2.2.3-pyhd8ed1ab_0.conda#6b55867f385dd762ed99ea687af32a69
https://conda.anaconda.org/conda-forge/linux-64/azure-storage-files-datalake-cpp-12.12.0-ha633028_1.conda#7c1980f89dd41b097549782121a73490
https://conda.anaconda.org/conda-forge/linux-64/elfutils-0.192-h1fa0c75_0.conda#570ae6909c7e25ec1ef0b38f11321957
https://conda.anaconda.org/conda-forge/linux-64/libcblas-3.9.0-16_linux64_mkl.tar.bz2#361bf757b95488de76c4f123805742d3
https://conda.anaconda.org/conda-forge/linux-64/libgdal-fits-3.9.3-he1674de_3.conda#544dfd6c2f1a030abc84da3cefffdb73
https://conda.anaconda.org/conda-forge/linux-64/libgdal-grib-3.9.3-ha360943_3.conda#66acd65f4a16d6068abae4a25a8e1a85
https://conda.anaconda.org/conda-forge/linux-64/libgdal-hdf4-3.9.3-h380f24e_3.conda#e27e135839c67f36daac7fea29dc2e4b
https://conda.anaconda.org/conda-forge/linux-64/libgdal-hdf5-3.9.3-hefe6d7a_3.conda#a57bc63d176cffe0e0ca1bc7469f0716
https://conda.anaconda.org/conda-forge/linux-64/libgdal-jp2openjpeg-3.9.3-h9fdfae1_3.conda#cb2189592fad72fe9c063f448d5feb4d
https://conda.anaconda.org/conda-forge/linux-64/libgdal-pdf-3.9.3-h697c966_3.conda#afe144bb5af52d029763bd0c4d149c09
https://conda.anaconda.org/conda-forge/linux-64/libgdal-pg-3.9.3-h5cc4e75_3.conda#672f5e3460748c73ee6220d16938ac84
https://conda.anaconda.org/conda-forge/linux-64/libgdal-postgisraster-3.9.3-h5cc4e75_3.conda#5689a5cfa6802ea990e551fe1ce94d7d
https://conda.anaconda.org/conda-forge/linux-64/libgdal-xls-3.9.3-h1e14832_3.conda#0196ac141a7029aa6ddc0334cb83d60b
https://conda.anaconda.org/conda-forge/linux-64/liblapack-3.9.0-16_linux64_mkl.tar.bz2#a2f166748917d6d6e4707841ca1f519e
https://conda.anaconda.org/conda-forge/linux-64/memray-1.12.0-py310h3ec8160_0.conda#efe6873c50efde3eb1672601f6e0273f
https://conda.anaconda.org/conda-forge/noarch/requests-2.32.3-pyhd8ed1ab_0.conda#5ede4753180c7a550a443c430dc8ab52
https://conda.anaconda.org/conda-forge/linux-64/tiledb-2.26.2-h84bbdfb_10.conda#c9ad5ee546eba614b7fe7b420f6b7763
https://conda.anaconda.org/conda-forge/linux-64/libarrow-18.0.0-h3b997a5_7_cpu.conda#32897a50e7f68187c4a524c439c0943c
https://conda.anaconda.org/conda-forge/linux-64/libgdal-kea-3.9.3-h38e673a_3.conda#3702f3100763f7a953a719a57a4e828b
https://conda.anaconda.org/conda-forge/linux-64/libgdal-netcdf-3.9.3-hba670d9_3.conda#780f847710cfba607151b7dc847bebf8
https://conda.anaconda.org/conda-forge/linux-64/libgdal-tiledb-3.9.3-hec57c18_3.conda#761cbdf5cf5b885760d5e8e37cfa9745
https://conda.anaconda.org/conda-forge/linux-64/numpy-1.26.4-py310hb13e2d6_0.conda#6593de64c935768b6bad3e19b3e978be
https://conda.anaconda.org/conda-forge/linux-64/gdal-3.9.3-py310h20abde1_3.conda#c945d48daa2aa98aa1eb24257d8ada56
https://conda.anaconda.org/conda-forge/linux-64/libarrow-acero-18.0.0-h5888daf_7_cpu.conda#786a275d019708cd1c963b12a8fb0c72
https://conda.anaconda.org/conda-forge/linux-64/libgdal-3.9.3-ha770c72_3.conda#faee67659322d9a6a3441526ba7866ef
https://conda.anaconda.org/conda-forge/linux-64/libparquet-18.0.0-h6bd9018_7_cpu.conda#687870f7d9cba5262fdd7e730e9e9ba8
https://conda.anaconda.org/conda-forge/linux-64/pandas-2.2.3-py310h5eaa309_1.conda#e67778e1cac3bca3b3300f6164f7ffb9
https://conda.anaconda.org/conda-forge/linux-64/pyarrow-core-18.0.0-py310hac404ae_1_cpu.conda#856565db2bd071cdd33c77943fdffacf
https://conda.anaconda.org/conda-forge/noarch/snuggs-1.4.7-pyhd8ed1ab_1.conda#5abeaa41ec50d4d1421a8bc8fbc93054
https://conda.anaconda.org/conda-forge/linux-64/libarrow-dataset-18.0.0-h5888daf_7_cpu.conda#a742b9a0452b55020ccf662721c1ce44
https://conda.anaconda.org/conda-forge/linux-64/rasterio-1.4.2-py310hf6c6cbe_0.conda#3bf2d69199c02a94241912baf069f74a
https://conda.anaconda.org/conda-forge/linux-64/libarrow-substrait-18.0.0-h5c8f2c3_7_cpu.conda#be76013fa3fdaec2c0c504e6fdfd282d
https://conda.anaconda.org/conda-forge/linux-64/pyarrow-18.0.0-py310hff52083_1.conda#19cbc9d3d0b333994c99d52fcd15c211
https://conda.anaconda.org/pytorch/linux-64/pytorch-2.5.1-py3.10_cuda12.1_cudnn9.1.0_0.tar.bz2#322b10d99cafee218202960b2b660a60
https://conda.anaconda.org/pytorch/linux-64/torchaudio-2.5.1-py310_cu121.tar.bz2#b03c436311fdc469616358a32150ddeb
https://conda.anaconda.org/conda-forge/noarch/torchmetrics-1.5.2-pyhe5570ce_0.conda#80e721ee717893aff5db2ee00cc462ef
https://conda.anaconda.org/pytorch/linux-64/torchtriton-3.1.0-py310.tar.bz2#364255085c91240128e1be1934a43983
https://conda.anaconda.org/conda-forge/noarch/pytorch-lightning-2.4.0-pyhd8ed1ab_0.conda#8fd18f4bb7f0ba0386138bee3806403d
https://conda.anaconda.org/conda-forge/noarch/lightning-2.4.0-pyhd8ed1ab_0.conda#7ded5c963091589124cdd9a8a30e78ac
